
Microsoft Visual Studio Solution File, Format Version 12.00
# Visual Studio Version 17
VisualStudioVersion = 17.14.36518.9
MinimumVisualStudioVersion = 10.0.40219.1
Project("{FAE04EC0-301F-11D3-BF4B-00C04F79EFBC}") = "CQRS_DDD.Infrastructure", "CQRS_DDD.Infrastructure\CQRS_DDD.Infrastructure.csproj", "{88045D5A-7511-2FD4-BFC0-268EFF7AB148}"
EndProject
Project("{FAE04EC0-301F-11D3-BF4B-00C04F79EFBC}") = "CQRS_DDD.Domain", "CQRS_DDD.Domain\CQRS_DDD.Domain.csproj", "{6BAD7246-6EFE-6FDA-2EFB-EF177725B2B5}"
EndProject
Project("{FAE04EC0-301F-11D3-BF4B-00C04F79EFBC}") = "CQRS_DDD.Application", "CQRS_DDD.Application\CQRS_DDD.Application.csproj", "{85D602E3-091B-5649-1622-FFAB6CE667F6}"
EndProject
Project("{FAE04EC0-301F-11D3-BF4B-00C04F79EFBC}") = "CQRS_DDD.Tests", "CQRS_DDD.Tests\CQRS_DDD.Tests.csproj", "{A2F6E6A0-1220-42B6-9FEB-B0C3167FCFDF}"
EndProject
Project("{FAE04EC0-301F-11D3-BF4B-00C04F79EFBC}") = "CQRS_DDD.API", "CQRS_DDD.API\CQRS_DDD.API.csproj", "{5DEB4531-F0D8-4FB2-B583-C7218772E862}"
EndProject
Project("{FAE04EC0-301F-11D3-BF4B-00C04F79EFBC}") = "CQRS_DDD.Presentation", "CQRS_DDD.Presentation\CQRS_DDD.Presentation\CQRS_DDD.Presentation.csproj", "{9565E2C2-CEC5-4A81-9099-7C4748BA1FEF}"
EndProject
Global
	GlobalSection(SolutionConfigurationPlatforms) = preSolution
		Debug|Any CPU = Debug|Any CPU
		Release|Any CPU = Release|Any CPU
	EndGlobalSection
	GlobalSection(ProjectConfigurationPlatforms) = postSolution
		{88045D5A-7511-2FD4-BFC0-268EFF7AB148}.Debug|Any CPU.ActiveCfg = Debug|Any CPU
		{88045D5A-7511-2FD4-BFC0-268EFF7AB148}.Debug|Any CPU.Build.0 = Debug|Any CPU
		{88045D5A-7511-2FD4-BFC0-268EFF7AB148}.Release|Any CPU.ActiveCfg = Release|Any CPU
		{88045D5A-7511-2FD4-BFC0-268EFF7AB148}.Release|Any CPU.Build.0 = Release|Any CPU
		{6BAD7246-6EFE-6FDA-2EFB-EF177725B2B5}.Debug|Any CPU.ActiveCfg = Debug|Any CPU
		{6BAD7246-6EFE-6FDA-2EFB-EF177725B2B5}.Debug|Any CPU.Build.0 = Debug|Any CPU
		{6BAD7246-6EFE-6FDA-2EFB-EF177725B2B5}.Release|Any CPU.ActiveCfg = Release|Any CPU
		{6BAD7246-6EFE-6FDA-2EFB-EF177725B2B5}.Release|Any CPU.Build.0 = Release|Any CPU
		{85D602E3-091B-5649-1622-FFAB6CE667F6}.Debug|Any CPU.ActiveCfg = Debug|Any CPU
		{85D602E3-091B-5649-1622-FFAB6CE667F6}.Debug|Any CPU.Build.0 = Debug|Any CPU
		{85D602E3-091B-5649-1622-FFAB6CE667F6}.Release|Any CPU.ActiveCfg = Release|Any CPU
		{85D602E3-091B-5649-1622-FFAB6CE667F6}.Release|Any CPU.Build.0 = Release|Any CPU
		{A2F6E6A0-1220-42B6-9FEB-B0C3167FCFDF}.Debug|Any CPU.ActiveCfg = Debug|Any CPU
		{A2F6E6A0-1220-42B6-9FEB-B0C3167FCFDF}.Debug|Any CPU.Build.0 = Debug|Any CPU
		{A2F6E6A0-1220-42B6-9FEB-B0C3167FCFDF}.Release|Any CPU.ActiveCfg = Release|Any CPU
		{A2F6E6A0-1220-42B6-9FEB-B0C3167FCFDF}.Release|Any CPU.Build.0 = Release|Any CPU
		{5DEB4531-F0D8-4FB2-B583-C7218772E862}.Debug|Any CPU.ActiveCfg = Debug|Any CPU
		{5DEB4531-F0D8-4FB2-B583-C7218772E862}.Debug|Any CPU.Build.0 = Debug|Any CPU
		{5DEB4531-F0D8-4FB2-B583-C7218772E862}.Release|Any CPU.ActiveCfg = Release|Any CPU
		{5DEB4531-F0D8-4FB2-B583-C7218772E862}.Release|Any CPU.Build.0 = Release|Any CPU
		{9565E2C2-CEC5-4A81-9099-7C4748BA1FEF}.Debug|Any CPU.ActiveCfg = Debug|Any CPU
		{9565E2C2-CEC5-4A81-9099-7C4748BA1FEF}.Debug|Any CPU.Build.0 = Debug|Any CPU
		{9565E2C2-CEC5-4A81-9099-7C4748BA1FEF}.Release|Any CPU.ActiveCfg = Release|Any CPU
		{9565E2C2-CEC5-4A81-9099-7C4748BA1FEF}.Release|Any CPU.Build.0 = Release|Any CPU
	EndGlobalSection
	GlobalSection(SolutionProperties) = preSolution
		HideSolutionNode = FALSE
	EndGlobalSection
	GlobalSection(ExtensibilityGlobals) = postSolution
		SolutionGuid = {467C56CC-F9C9-4EBC-AC3F-730284C0EA61}
	EndGlobalSection
EndGlobal
